
Microsoft Visual Studio Solution File, Format Version 12.00
# Visual Studio Version 16
VisualStudioVersion = 16.0.31205.134
MinimumVisualStudioVersion = 10.0.40219.1
Project("{2150E333-8FDC-42A3-9474-1A3956D46DE8}") = "Tests", "Tests", "{89DB71EC-D34C-46F4-AA32-AD39BC78D4DF}"
EndProject
Project("{2150E333-8FDC-42A3-9474-1A3956D46DE8}") = "Modules", "Modules", "{F69018B9-A06F-4415-A3EA-573F7A4CDA21}"
EndProject
Project("{2150E333-8FDC-42A3-9474-1A3956D46DE8}") = "Services", "Services", "{DFCA6DDA-EBDC-4EDA-A5C3-E4651A8AC63F}"
EndProject
Project("{9A19103F-16F7-4668-BE54-9A1E7A4F7556}") = "QuickLaunch.Services", "QuickLaunch\Services\QuickLaunch.Services\QuickLaunch.Services.csproj", "{F0591D98-3154-4227-AF9D-84428CEE8B8A}"
EndProject
Project("{9A19103F-16F7-4668-BE54-9A1E7A4F7556}") = "QuickLaunch.Services.Interfaces", "QuickLaunch\Services\QuickLaunch.Services.Interfaces\QuickLaunch.Services.Interfaces.csproj", "{4ABD4E4E-27FB-4547-A2CB-704D767D8E64}"
EndProject
Project("{9A19103F-16F7-4668-BE54-9A1E7A4F7556}") = "QuickLaunch", "QuickLaunch\QuickLaunch\QuickLaunch.csproj", "{55771C08-E466-4341-B3F6-E35B772E187A}"
EndProject
Project("{9A19103F-16F7-4668-BE54-9A1E7A4F7556}") = "QuickLaunch.Core", "QuickLaunch\QuickLaunch.Core\QuickLaunch.Core.csproj", "{1A605211-BFEC-4E55-90D1-9D6E7B4CA645}"
EndProject
Project("{9A19103F-16F7-4668-BE54-9A1E7A4F7556}") = "QuickLaunch.Modules.Applications", "QuickLaunch\Modules\QuickLaunch.Modules.Applications\QuickLaunch.Modules.Applications.csproj", "{23069606-687A-41E3-9FFD-25ED3CF5141D}"
EndProject
Project("{FAE04EC0-301F-11D3-BF4B-00C04F79EFBC}") = "QuickLaunch.Infrastructure", "QuickLaunch.Infrastructure\QuickLaunch.Infrastructure.csproj", "{1A26291B-3D03-4E2F-9A16-570C3B6F83E2}"
EndProject
Global
	GlobalSection(SolutionConfigurationPlatforms) = preSolution
		Debug|Any CPU = Debug|Any CPU
		Release|Any CPU = Release|Any CPU
	EndGlobalSection
	GlobalSection(ProjectConfigurationPlatforms) = postSolution
		{F0591D98-3154-4227-AF9D-84428CEE8B8A}.Debug|Any CPU.ActiveCfg = Debug|Any CPU
		{F0591D98-3154-4227-AF9D-84428CEE8B8A}.Debug|Any CPU.Build.0 = Debug|Any CPU
		{F0591D98-3154-4227-AF9D-84428CEE8B8A}.Release|Any CPU.ActiveCfg = Release|Any CPU
		{F0591D98-3154-4227-AF9D-84428CEE8B8A}.Release|Any CPU.Build.0 = Release|Any CPU
		{4ABD4E4E-27FB-4547-A2CB-704D767D8E64}.Debug|Any CPU.ActiveCfg = Debug|Any CPU
		{4ABD4E4E-27FB-4547-A2CB-704D767D8E64}.Debug|Any CPU.Build.0 = Debug|Any CPU
		{4ABD4E4E-27FB-4547-A2CB-704D767D8E64}.Release|Any CPU.ActiveCfg = Release|Any CPU
		{4ABD4E4E-27FB-4547-A2CB-704D767D8E64}.Release|Any CPU.Build.0 = Release|Any CPU
		{55771C08-E466-4341-B3F6-E35B772E187A}.Debug|Any CPU.ActiveCfg = Debug|Any CPU
		{55771C08-E466-4341-B3F6-E35B772E187A}.Debug|Any CPU.Build.0 = Debug|Any CPU
		{55771C08-E466-4341-B3F6-E35B772E187A}.Release|Any CPU.ActiveCfg = Release|Any CPU
		{55771C08-E466-4341-B3F6-E35B772E187A}.Release|Any CPU.Build.0 = Release|Any CPU
		{1A605211-BFEC-4E55-90D1-9D6E7B4CA645}.Debug|Any CPU.ActiveCfg = Debug|Any CPU
		{1A605211-BFEC-4E55-90D1-9D6E7B4CA645}.Debug|Any CPU.Build.0 = Debug|Any CPU
		{1A605211-BFEC-4E55-90D1-9D6E7B4CA645}.Release|Any CPU.ActiveCfg = Release|Any CPU
		{1A605211-BFEC-4E55-90D1-9D6E7B4CA645}.Release|Any CPU.Build.0 = Release|Any CPU
		{23069606-687A-41E3-9FFD-25ED3CF5141D}.Debug|Any CPU.ActiveCfg = Debug|Any CPU
		{23069606-687A-41E3-9FFD-25ED3CF5141D}.Debug|Any CPU.Build.0 = Debug|Any CPU
		{23069606-687A-41E3-9FFD-25ED3CF5141D}.Release|Any CPU.ActiveCfg = Release|Any CPU
		{23069606-687A-41E3-9FFD-25ED3CF5141D}.Release|Any CPU.Build.0 = Release|Any CPU
		{1A26291B-3D03-4E2F-9A16-570C3B6F83E2}.Debug|Any CPU.ActiveCfg = Debug|Any CPU
		{1A26291B-3D03-4E2F-9A16-570C3B6F83E2}.Debug|Any CPU.Build.0 = Debug|Any CPU
		{1A26291B-3D03-4E2F-9A16-570C3B6F83E2}.Release|Any CPU.ActiveCfg = Release|Any CPU
		{1A26291B-3D03-4E2F-9A16-570C3B6F83E2}.Release|Any CPU.Build.0 = Release|Any CPU
	EndGlobalSection
	GlobalSection(SolutionProperties) = preSolution
		HideSolutionNode = FALSE
	EndGlobalSection
	GlobalSection(NestedProjects) = preSolution
		{F0591D98-3154-4227-AF9D-84428CEE8B8A} = {DFCA6DDA-EBDC-4EDA-A5C3-E4651A8AC63F}
		{4ABD4E4E-27FB-4547-A2CB-704D767D8E64} = {DFCA6DDA-EBDC-4EDA-A5C3-E4651A8AC63F}
		{23069606-687A-41E3-9FFD-25ED3CF5141D} = {F69018B9-A06F-4415-A3EA-573F7A4CDA21}
	EndGlobalSection
	GlobalSection(ExtensibilityGlobals) = postSolution
		SolutionGuid = {5096C227-4505-4F56-8BF7-24E87CC2FEC5}
	EndGlobalSection
EndGlobal
